
Microsoft Visual Studio Solution File, Format Version 12.00
# Visual Studio 15
VisualStudioVersion = 15.0.27428.2043
MinimumVisualStudioVersion = 10.0.40219.1
Project("{FAE04EC0-301F-11D3-BF4B-00C04F79EFBC}") = "JikanDotNet", "JikanDotNet\JikanDotNet.csproj", "{B244140D-ED71-4F8B-822B-ED48C4C5D2B8}"
EndProject
Project("{FAE04EC0-301F-11D3-BF4B-00C04F79EFBC}") = "JikanDotNet.Test", "JikanDotNet.Test\JikanDotNet.Test.csproj", "{4243D94A-C16F-45F6-B8D1-B4EE5272AF88}"
EndProject
Global
	GlobalSection(SolutionConfigurationPlatforms) = preSolution
		Debug|Any CPU = Debug|Any CPU
		Release|Any CPU = Release|Any CPU
	EndGlobalSection
	GlobalSection(ProjectConfigurationPlatforms) = postSolution
		{B244140D-ED71-4F8B-822B-ED48C4C5D2B8}.Debug|Any CPU.ActiveCfg = Debug|Any CPU
		{B244140D-ED71-4F8B-822B-ED48C4C5D2B8}.Debug|Any CPU.Build.0 = Debug|Any CPU
		{B244140D-ED71-4F8B-822B-ED48C4C5D2B8}.Release|Any CPU.ActiveCfg = Release|Any CPU
		{B244140D-ED71-4F8B-822B-ED48C4C5D2B8}.Release|Any CPU.Build.0 = Release|Any CPU
		{4243D94A-C16F-45F6-B8D1-B4EE5272AF88}.Debug|Any CPU.ActiveCfg = Debug|Any CPU
		{4243D94A-C16F-45F6-B8D1-B4EE5272AF88}.Debug|Any CPU.Build.0 = Debug|Any CPU
		{4243D94A-C16F-45F6-B8D1-B4EE5272AF88}.Release|Any CPU.ActiveCfg = Release|Any CPU
		{4243D94A-C16F-45F6-B8D1-B4EE5272AF88}.Release|Any CPU.Build.0 = Release|Any CPU
	EndGlobalSection
	GlobalSection(SolutionProperties) = preSolution
		HideSolutionNode = FALSE
	EndGlobalSection
	GlobalSection(ExtensibilityGlobals) = postSolution
		SolutionGuid = {C26FFE2C-E96C-4D8F-8B06-F0ECB0283B11}
	EndGlobalSection
EndGlobal
